{
  "name": "rider-comms",
  "version": "0.1.0",
  "lockfileVersion": 3,
  "requires": true,
  "packages": {
    "": {
      "name": "rider-comms",
      "version": "0.1.0",
      "workspaces": [
        "shared",
        "backend",
        "mobile"
      ]
    },
    "node_modules/@rider-comms/shared": {
      "resolved": "shared",
      "link": true
    },
    "shared": {
      "name": "@rider-comms/shared",
      "version": "0.1.0"
    }
  }
}
